<?xml version="1.0" encoding="utf-8"?>
<Project ToolsVersion="4.0" xmlns="http://schemas.microsoft.com/developer/msbuild/2003">
  <ItemGroup>
    <Filter Include="Local">
      <UniqueIdentifier>{847f1e67-58d6-4217-b879-a596304f170f}</UniqueIdentifier>
    </Filter>
    <Filter Include="Shared">
      <UniqueIdentifier>{a9681309-7b21-420b-805e-eb74c4bca8b0}</UniqueIdentifier>
    </Filter>
    <Filter Include="Shared\FileIO">
      <UniqueIdentifier>{63024079-0890-4995-b8e5-ee5faffae38d}</UniqueIdentifier>
    </Filter>
    <Filter Include="Shared\FileIO\XML">
      <UniqueIdentifier>{a966bb12-7a0a-455c-be5e-a7e6c8109970}</UniqueIdentifier>
    </Filter>
  </ItemGroup>
  <ItemGroup>
    <ClInclude Include="targetver.h">
      <Filter>Local</Filter>
    </ClInclude>
    <ClInclude Include="..\..\FileIO\XML\DocumentBuilder.h">
      <Filter>Shared\FileIO\XML</Filter>
    </ClInclude>
    <ClInclude Include="..\..\FileIO\XML\Element.h">
      <Filter>Shared\FileIO\XML</Filter>
    </ClInclude>
    <ClInclude Include="..\..\FileIO\XML\ElementAttribute.h">
      <Filter>Shared\FileIO\XML</Filter>
    </ClInclude>
    <ClInclude Include="..\..\FileIO\XML\HierarchyElement.h">
      <Filter>Shared\FileIO\XML</Filter>
    </ClInclude>
    <ClInclude Include="..\..\FileIO\XML\ValueElement.h">
      <Filter>Shared\FileIO\XML</Filter>
    </ClInclude>
    <ClInclude Include="..\..\FileIO\XML\Writer.h">
      <Filter>Shared\FileIO\XML</Filter>
    </ClInclude>
    <ClInclude Include="..\..\FileIO\XML\Document.h">
      <Filter>Shared\FileIO\XML</Filter>
    </ClInclude>
    <ClInclude Include="..\..\FileIO\XML\Reader.h">
      <Filter>Shared\FileIO\XML</Filter>
    </ClInclude>
  </ItemGroup>
  <ItemGroup>
    <ClCompile Include="XMLTestbed.cpp">
      <Filter>Local</Filter>
    </ClCompile>
    <ClCompile Include="..\..\FileIO\XML\DocumentBuilder.cpp">
      <Filter>Shared\FileIO\XML</Filter>
    </ClCompile>
    <ClCompile Include="..\..\FileIO\XML\Element.cpp">
      <Filter>Shared\FileIO\XML</Filter>
    </ClCompile>
    <ClCompile Include="..\..\FileIO\XML\ElementAttribute.cpp">
      <Filter>Shared\FileIO\XML</Filter>
    </ClCompile>
    <ClCompile Include="..\..\FileIO\XML\HierarchyElement.cpp">
      <Filter>Shared\FileIO\XML</Filter>
    </ClCompile>
    <ClCompile Include="..\..\FileIO\XML\ValueElement.cpp">
      <Filter>Shared\FileIO\XML</Filter>
    </ClCompile>
    <ClCompile Include="..\..\FileIO\XML\Writer.cpp">
      <Filter>Shared\FileIO\XML</Filter>
    </ClCompile>
    <ClCompile Include="..\..\FileIO\XML\Document.cpp">
      <Filter>Shared\FileIO\XML</Filter>
    </ClCompile>
    <ClCompile Include="..\..\FileIO\XML\Reader.cpp">
      <Filter>Shared\FileIO\XML</Filter>
    </ClCompile>
  </ItemGroup>
</Project>