<?xml version="1.0" encoding="utf-8"?>
<Project ToolsVersion="4.0" xmlns="http://schemas.microsoft.com/developer/msbuild/2003">
  <ItemGroup>
    <Filter Include="Subsystems">
      <UniqueIdentifier>{e37e9a6e-4d7e-4f3d-a88c-dc36008656b4}</UniqueIdentifier>
    </Filter>
  </ItemGroup>
  <ItemGroup>
    <ClCompile Include="Subsystems\RenderManager.cpp">
      <Filter>Subsystems</Filter>
    </ClCompile>
  </ItemGroup>
  <ItemGroup>
    <ClInclude Include="Subsystems\RenderManager.h">
      <Filter>Subsystems</Filter>
    </ClInclude>
  </ItemGroup>
</Project>