<?xml version="1.0" encoding="utf-8"?>
<Project ToolsVersion="4.0" xmlns="http://schemas.microsoft.com/developer/msbuild/2003">
  <ItemGroup>
    <Filter Include="Subsystems">
      <UniqueIdentifier>{e37e9a6e-4d7e-4f3d-a88c-dc36008656b4}</UniqueIdentifier>
    </Filter>
    <Filter Include="Subsystems\RenderManager">
      <UniqueIdentifier>{14ad3a17-91e6-4484-8d4d-25f2bb3f131a}</UniqueIdentifier>
    </Filter>
    <Filter Include="Subsystems\FileManager">
      <UniqueIdentifier>{fae890fc-1782-4ee2-ae02-9d205c1e70e7}</UniqueIdentifier>
    </Filter>
    <Filter Include="Subsystems\TimeManager">
      <UniqueIdentifier>{dee123ca-d015-4d47-ab72-f38582d5a5af}</UniqueIdentifier>
    </Filter>
    <Filter Include="Subsystems\DiagnosticsManager">
      <UniqueIdentifier>{c5c97769-5a33-4688-9d53-e6476a00a4b8}</UniqueIdentifier>
    </Filter>
    <Filter Include="Subsystems\TextureManager">
      <UniqueIdentifier>{95d53b9e-ad5b-4f83-a3fc-ee1666b67577}</UniqueIdentifier>
    </Filter>
    <Filter Include="Subsystems\InputManager">
      <UniqueIdentifier>{fa7e16db-6308-4ff5-a14e-556a5289b65e}</UniqueIdentifier>
    </Filter>
  </ItemGroup>
  <ItemGroup>
    <ClCompile Include="Subsystems\RenderManager\RenderManager.cpp">
      <Filter>Subsystems\RenderManager</Filter>
    </ClCompile>
    <ClCompile Include="Subsystems\RenderManager\Camera.cpp">
      <Filter>Subsystems\RenderManager</Filter>
    </ClCompile>
    <ClCompile Include="Subsystems\RenderManager\Model.cpp">
      <Filter>Subsystems\RenderManager</Filter>
    </ClCompile>
    <ClCompile Include="Subsystems\RenderManager\ModelInstance.cpp">
      <Filter>Subsystems\RenderManager</Filter>
    </ClCompile>
    <ClCompile Include="Subsystems\RenderManager\RenderCommand.cpp">
      <Filter>Subsystems\RenderManager</Filter>
    </ClCompile>
    <ClCompile Include="Subsystems\RenderManager\UntexturedSurfaceFormat.cpp">
      <Filter>Subsystems\RenderManager</Filter>
    </ClCompile>
    <ClCompile Include="Subsystems\RenderManager\ShaderCompiler.cpp">
      <Filter>Subsystems\RenderManager</Filter>
    </ClCompile>
    <ClCompile Include="Subsystems\FileManager\FileManager.cpp">
      <Filter>Subsystems\FileManager</Filter>
    </ClCompile>
    <ClCompile Include="Subsystems\FileManager\FileReader.cpp">
      <Filter>Subsystems\FileManager</Filter>
    </ClCompile>
    <ClCompile Include="Subsystems\RenderManager\UntexturedRenderCommand.cpp">
      <Filter>Subsystems\RenderManager</Filter>
    </ClCompile>
    <ClCompile Include="Subsystems\TimeManager\TimeManager.cpp">
      <Filter>Subsystems\TimeManager</Filter>
    </ClCompile>
    <ClCompile Include="Subsystems\RenderManager\Light.cpp">
      <Filter>Subsystems\RenderManager</Filter>
    </ClCompile>
    <ClCompile Include="Subsystems\DiagnosticsManager\DiagnosticsManager.cpp">
      <Filter>Subsystems\DiagnosticsManager</Filter>
    </ClCompile>
    <ClCompile Include="Subsystems\RenderManager\LookAtCamera.cpp">
      <Filter>Subsystems\RenderManager</Filter>
    </ClCompile>
    <ClCompile Include="Subsystems\RenderManager\DiffuseOnlyRenderCommand.cpp">
      <Filter>Subsystems\RenderManager</Filter>
    </ClCompile>
    <ClCompile Include="Subsystems\RenderManager\DiffuseOnlySurfaceFormat.cpp">
      <Filter>Subsystems\RenderManager</Filter>
    </ClCompile>
    <ClCompile Include="Subsystems\TextureManager\TextureManager.cpp">
      <Filter>Subsystems\TextureManager</Filter>
    </ClCompile>
    <ClCompile Include="Subsystems\TextureManager\Texture.cpp">
      <Filter>Subsystems\TextureManager</Filter>
    </ClCompile>
    <ClCompile Include="Subsystems\InputManager\InputManager.cpp">
      <Filter>Subsystems\InputManager</Filter>
    </ClCompile>
    <ClCompile Include="Subsystems\RenderManager\FreeCamera.cpp">
      <Filter>Subsystems\RenderManager</Filter>
    </ClCompile>
  </ItemGroup>
  <ItemGroup>
    <ClInclude Include="Subsystems\RenderManager\RenderManager.h">
      <Filter>Subsystems\RenderManager</Filter>
    </ClInclude>
    <ClInclude Include="Subsystems\RenderManager\Camera.h">
      <Filter>Subsystems\RenderManager</Filter>
    </ClInclude>
    <ClInclude Include="Subsystems\RenderManager\Model.h">
      <Filter>Subsystems\RenderManager</Filter>
    </ClInclude>
    <ClInclude Include="Subsystems\RenderManager\ModelInstance.h">
      <Filter>Subsystems\RenderManager</Filter>
    </ClInclude>
    <ClInclude Include="Subsystems\RenderManager\RenderCommand.h">
      <Filter>Subsystems\RenderManager</Filter>
    </ClInclude>
    <ClInclude Include="Subsystems\RenderManager\UntexturedSurfaceFormat.h">
      <Filter>Subsystems\RenderManager</Filter>
    </ClInclude>
    <ClInclude Include="Subsystems\RenderManager\ShaderCompiler.h">
      <Filter>Subsystems\RenderManager</Filter>
    </ClInclude>
    <ClInclude Include="Subsystems\FileManager\FileManager.h">
      <Filter>Subsystems\FileManager</Filter>
    </ClInclude>
    <ClInclude Include="Subsystems\FileManager\FileReader.h">
      <Filter>Subsystems\FileManager</Filter>
    </ClInclude>
    <ClInclude Include="Subsystems\RenderManager\UntexturedRenderCommand.h">
      <Filter>Subsystems\RenderManager</Filter>
    </ClInclude>
    <ClInclude Include="Subsystems\TimeManager\TimeManager.h">
      <Filter>Subsystems\TimeManager</Filter>
    </ClInclude>
    <ClInclude Include="Subsystems\RenderManager\Light.h">
      <Filter>Subsystems\RenderManager</Filter>
    </ClInclude>
    <ClInclude Include="Subsystems\DiagnosticsManager\DiagnosticsManager.h">
      <Filter>Subsystems\DiagnosticsManager</Filter>
    </ClInclude>
    <ClInclude Include="Subsystems\RenderManager\LookAtCamera.h">
      <Filter>Subsystems\RenderManager</Filter>
    </ClInclude>
    <ClInclude Include="Subsystems\RenderManager\DiffuseOnlyRenderCommand.h">
      <Filter>Subsystems\RenderManager</Filter>
    </ClInclude>
    <ClInclude Include="Subsystems\RenderManager\DiffuseOnlySurfaceFormat.h">
      <Filter>Subsystems\RenderManager</Filter>
    </ClInclude>
    <ClInclude Include="Subsystems\TextureManager\TextureManager.h">
      <Filter>Subsystems\TextureManager</Filter>
    </ClInclude>
    <ClInclude Include="Subsystems\TextureManager\Texture.h">
      <Filter>Subsystems\TextureManager</Filter>
    </ClInclude>
    <ClInclude Include="Subsystems\InputManager\InputManager.h">
      <Filter>Subsystems\InputManager</Filter>
    </ClInclude>
    <ClInclude Include="Subsystems\RenderManager\FreeCamera.h">
      <Filter>Subsystems\RenderManager</Filter>
    </ClInclude>
  </ItemGroup>
</Project>