<?xml version="1.0" encoding="utf-8"?>
<Project ToolsVersion="4.0" xmlns="http://schemas.microsoft.com/developer/msbuild/2003">
  <ItemGroup>
    <Filter Include="Subsystems">
      <UniqueIdentifier>{e37e9a6e-4d7e-4f3d-a88c-dc36008656b4}</UniqueIdentifier>
    </Filter>
    <Filter Include="Subsystems\RenderManager">
      <UniqueIdentifier>{14ad3a17-91e6-4484-8d4d-25f2bb3f131a}</UniqueIdentifier>
    </Filter>
    <Filter Include="Subsystems\FileManager">
      <UniqueIdentifier>{fae890fc-1782-4ee2-ae02-9d205c1e70e7}</UniqueIdentifier>
    </Filter>
    <Filter Include="Subsystems\TimeManager">
      <UniqueIdentifier>{dee123ca-d015-4d47-ab72-f38582d5a5af}</UniqueIdentifier>
    </Filter>
    <Filter Include="Subsystems\DiagnosticsManager">
      <UniqueIdentifier>{c5c97769-5a33-4688-9d53-e6476a00a4b8}</UniqueIdentifier>
    </Filter>
    <Filter Include="Subsystems\TextureManager">
      <UniqueIdentifier>{95d53b9e-ad5b-4f83-a3fc-ee1666b67577}</UniqueIdentifier>
    </Filter>
    <Filter Include="Subsystems\InputManager">
      <UniqueIdentifier>{fa7e16db-6308-4ff5-a14e-556a5289b65e}</UniqueIdentifier>
    </Filter>
    <Filter Include="Subsystems\LightingManager">
      <UniqueIdentifier>{ec63490c-591f-4e16-8b9d-573759adb77c}</UniqueIdentifier>
    </Filter>
    <Filter Include="Subsystems\FontManager">
      <UniqueIdentifier>{754fde68-8fcd-404d-9f9b-aa8a05026944}</UniqueIdentifier>
    </Filter>
    <Filter Include="Interfaces">
      <UniqueIdentifier>{0c98311a-3692-41f5-a50a-8fd76daf982d}</UniqueIdentifier>
    </Filter>
    <Filter Include="Subsystems\Diagnostics">
      <UniqueIdentifier>{24a5b198-637d-49c2-b553-fbe3efef4f6d}</UniqueIdentifier>
    </Filter>
    <Filter Include="Subsystems\Input">
      <UniqueIdentifier>{c571481a-ef19-45f6-9b5c-ac8584ec0c99}</UniqueIdentifier>
    </Filter>
    <Filter Include="Exceptions">
      <UniqueIdentifier>{4ad20ce8-3caf-4732-9d94-1f95b741f13b}</UniqueIdentifier>
    </Filter>
    <Filter Include="Shared">
      <UniqueIdentifier>{5911bb82-4aad-4c67-a393-b8ada4609bb3}</UniqueIdentifier>
    </Filter>
    <Filter Include="Shared\ErrorCodes">
      <UniqueIdentifier>{c03ba7b4-5c44-465f-87c9-5aea8d42df97}</UniqueIdentifier>
    </Filter>
  </ItemGroup>
  <ItemGroup>
    <ClCompile Include="Subsystems\RenderManager\RenderManager.cpp">
      <Filter>Subsystems\RenderManager</Filter>
    </ClCompile>
    <ClCompile Include="Subsystems\RenderManager\Camera.cpp">
      <Filter>Subsystems\RenderManager</Filter>
    </ClCompile>
    <ClCompile Include="Subsystems\RenderManager\Model.cpp">
      <Filter>Subsystems\RenderManager</Filter>
    </ClCompile>
    <ClCompile Include="Subsystems\RenderManager\ModelInstance.cpp">
      <Filter>Subsystems\RenderManager</Filter>
    </ClCompile>
    <ClCompile Include="Subsystems\RenderManager\RenderCommand.cpp">
      <Filter>Subsystems\RenderManager</Filter>
    </ClCompile>
    <ClCompile Include="Subsystems\RenderManager\UntexturedSurfaceFormat.cpp">
      <Filter>Subsystems\RenderManager</Filter>
    </ClCompile>
    <ClCompile Include="Subsystems\RenderManager\ShaderCompiler.cpp">
      <Filter>Subsystems\RenderManager</Filter>
    </ClCompile>
    <ClCompile Include="Subsystems\FileManager\FileManager.cpp">
      <Filter>Subsystems\FileManager</Filter>
    </ClCompile>
    <ClCompile Include="Subsystems\FileManager\FileReader.cpp">
      <Filter>Subsystems\FileManager</Filter>
    </ClCompile>
    <ClCompile Include="Subsystems\RenderManager\UntexturedRenderCommand.cpp">
      <Filter>Subsystems\RenderManager</Filter>
    </ClCompile>
    <ClCompile Include="Subsystems\TimeManager\TimeManager.cpp">
      <Filter>Subsystems\TimeManager</Filter>
    </ClCompile>
    <ClCompile Include="Subsystems\DiagnosticsManager\DiagnosticsManager.cpp">
      <Filter>Subsystems\DiagnosticsManager</Filter>
    </ClCompile>
    <ClCompile Include="Subsystems\RenderManager\LookAtCamera.cpp">
      <Filter>Subsystems\RenderManager</Filter>
    </ClCompile>
    <ClCompile Include="Subsystems\RenderManager\DiffuseOnlyRenderCommand.cpp">
      <Filter>Subsystems\RenderManager</Filter>
    </ClCompile>
    <ClCompile Include="Subsystems\RenderManager\DiffuseOnlySurfaceFormat.cpp">
      <Filter>Subsystems\RenderManager</Filter>
    </ClCompile>
    <ClCompile Include="Subsystems\TextureManager\TextureManager.cpp">
      <Filter>Subsystems\TextureManager</Filter>
    </ClCompile>
    <ClCompile Include="Subsystems\TextureManager\Texture.cpp">
      <Filter>Subsystems\TextureManager</Filter>
    </ClCompile>
    <ClCompile Include="Subsystems\InputManager\InputManager.cpp">
      <Filter>Subsystems\InputManager</Filter>
    </ClCompile>
    <ClCompile Include="Subsystems\RenderManager\FreeCamera.cpp">
      <Filter>Subsystems\RenderManager</Filter>
    </ClCompile>
    <ClCompile Include="Subsystems\RenderManager\LookToCamera.cpp">
      <Filter>Subsystems\RenderManager</Filter>
    </ClCompile>
    <ClCompile Include="Subsystems\LightingManager\DirectionalLight.cpp">
      <Filter>Subsystems\LightingManager</Filter>
    </ClCompile>
    <ClCompile Include="Subsystems\LightingManager\LightingManager.cpp">
      <Filter>Subsystems\LightingManager</Filter>
    </ClCompile>
    <ClCompile Include="Subsystems\LightingManager\PointLight.cpp">
      <Filter>Subsystems\LightingManager</Filter>
    </ClCompile>
    <ClCompile Include="Subsystems\FontManager\Font.cpp">
      <Filter>Subsystems\FontManager</Filter>
    </ClCompile>
    <ClCompile Include="Subsystems\FontManager\FontManager.cpp">
      <Filter>Subsystems\FontManager</Filter>
    </ClCompile>
    <ClCompile Include="Subsystems\FontManager\Glyph.cpp">
      <Filter>Subsystems\FontManager</Filter>
    </ClCompile>
    <ClCompile Include="Subsystems\RenderManager\BlitRenderCommand.cpp">
      <Filter>Subsystems\RenderManager</Filter>
    </ClCompile>
    <ClCompile Include="Subsystems\RenderManager\BlitSurfaceFormat.cpp">
      <Filter>Subsystems\RenderManager</Filter>
    </ClCompile>
    <ClCompile Include="PCEngine.cpp" />
    <ClCompile Include="Subsystems\Diagnostics\PCDiagnostics.cpp">
      <Filter>Subsystems\Diagnostics</Filter>
    </ClCompile>
    <ClCompile Include="Subsystems\Input\DirectXInputManager.cpp">
      <Filter>Subsystems\Input</Filter>
    </ClCompile>
    <ClCompile Include="Subsystems\Input\DirectXKeyboard.cpp">
      <Filter>Subsystems\Input</Filter>
    </ClCompile>
    <ClCompile Include="Subsystems\Input\DirectXMouse.cpp">
      <Filter>Subsystems\Input</Filter>
    </ClCompile>
    <ClCompile Include="..\Shared\ErrorCodes\HResultFormatter .cpp">
      <Filter>Shared\ErrorCodes</Filter>
    </ClCompile>
  </ItemGroup>
  <ItemGroup>
    <ClInclude Include="Subsystems\RenderManager\RenderManager.h">
      <Filter>Subsystems\RenderManager</Filter>
    </ClInclude>
    <ClInclude Include="Subsystems\RenderManager\Camera.h">
      <Filter>Subsystems\RenderManager</Filter>
    </ClInclude>
    <ClInclude Include="Subsystems\RenderManager\Model.h">
      <Filter>Subsystems\RenderManager</Filter>
    </ClInclude>
    <ClInclude Include="Subsystems\RenderManager\ModelInstance.h">
      <Filter>Subsystems\RenderManager</Filter>
    </ClInclude>
    <ClInclude Include="Subsystems\RenderManager\RenderCommand.h">
      <Filter>Subsystems\RenderManager</Filter>
    </ClInclude>
    <ClInclude Include="Subsystems\RenderManager\UntexturedSurfaceFormat.h">
      <Filter>Subsystems\RenderManager</Filter>
    </ClInclude>
    <ClInclude Include="Subsystems\RenderManager\ShaderCompiler.h">
      <Filter>Subsystems\RenderManager</Filter>
    </ClInclude>
    <ClInclude Include="Subsystems\FileManager\FileManager.h">
      <Filter>Subsystems\FileManager</Filter>
    </ClInclude>
    <ClInclude Include="Subsystems\FileManager\FileReader.h">
      <Filter>Subsystems\FileManager</Filter>
    </ClInclude>
    <ClInclude Include="Subsystems\RenderManager\UntexturedRenderCommand.h">
      <Filter>Subsystems\RenderManager</Filter>
    </ClInclude>
    <ClInclude Include="Subsystems\TimeManager\TimeManager.h">
      <Filter>Subsystems\TimeManager</Filter>
    </ClInclude>
    <ClInclude Include="Subsystems\DiagnosticsManager\DiagnosticsManager.h">
      <Filter>Subsystems\DiagnosticsManager</Filter>
    </ClInclude>
    <ClInclude Include="Subsystems\RenderManager\LookAtCamera.h">
      <Filter>Subsystems\RenderManager</Filter>
    </ClInclude>
    <ClInclude Include="Subsystems\RenderManager\DiffuseOnlyRenderCommand.h">
      <Filter>Subsystems\RenderManager</Filter>
    </ClInclude>
    <ClInclude Include="Subsystems\RenderManager\DiffuseOnlySurfaceFormat.h">
      <Filter>Subsystems\RenderManager</Filter>
    </ClInclude>
    <ClInclude Include="Subsystems\TextureManager\TextureManager.h">
      <Filter>Subsystems\TextureManager</Filter>
    </ClInclude>
    <ClInclude Include="Subsystems\TextureManager\Texture.h">
      <Filter>Subsystems\TextureManager</Filter>
    </ClInclude>
    <ClInclude Include="Subsystems\InputManager\InputManager.h">
      <Filter>Subsystems\InputManager</Filter>
    </ClInclude>
    <ClInclude Include="Subsystems\RenderManager\FreeCamera.h">
      <Filter>Subsystems\RenderManager</Filter>
    </ClInclude>
    <ClInclude Include="Subsystems\RenderManager\LookToCamera.h">
      <Filter>Subsystems\RenderManager</Filter>
    </ClInclude>
    <ClInclude Include="Subsystems\LightingManager\DirectionalLight.h">
      <Filter>Subsystems\LightingManager</Filter>
    </ClInclude>
    <ClInclude Include="Subsystems\LightingManager\LightingManager.h">
      <Filter>Subsystems\LightingManager</Filter>
    </ClInclude>
    <ClInclude Include="Subsystems\LightingManager\PointLight.h">
      <Filter>Subsystems\LightingManager</Filter>
    </ClInclude>
    <ClInclude Include="Subsystems\FontManager\Font.h">
      <Filter>Subsystems\FontManager</Filter>
    </ClInclude>
    <ClInclude Include="Subsystems\FontManager\FontManager.h">
      <Filter>Subsystems\FontManager</Filter>
    </ClInclude>
    <ClInclude Include="Subsystems\FontManager\Glyph.h">
      <Filter>Subsystems\FontManager</Filter>
    </ClInclude>
    <ClInclude Include="Subsystems\RenderManager\BlitRenderCommand.h">
      <Filter>Subsystems\RenderManager</Filter>
    </ClInclude>
    <ClInclude Include="Subsystems\RenderManager\BlitSurfaceFormat.h">
      <Filter>Subsystems\RenderManager</Filter>
    </ClInclude>
    <ClInclude Include="Interfaces\IEngine.h">
      <Filter>Interfaces</Filter>
    </ClInclude>
    <ClInclude Include="PCEngine.h" />
    <ClInclude Include="Subsystems\Diagnostics\PCDiagnostics.h">
      <Filter>Subsystems\Diagnostics</Filter>
    </ClInclude>
    <ClInclude Include="Interfaces\IDiagnostics.h">
      <Filter>Interfaces</Filter>
    </ClInclude>
    <ClInclude Include="Subsystems\Input\DirectXInputManager.h">
      <Filter>Subsystems\Input</Filter>
    </ClInclude>
    <ClInclude Include="Subsystems\Input\DirectXKeyboard.h">
      <Filter>Subsystems\Input</Filter>
    </ClInclude>
    <ClInclude Include="Subsystems\Input\DirectXMouse.h">
      <Filter>Subsystems\Input</Filter>
    </ClInclude>
    <ClInclude Include="Interfaces\IKeyboard.h">
      <Filter>Interfaces</Filter>
    </ClInclude>
    <ClInclude Include="Interfaces\IMouse.h">
      <Filter>Interfaces</Filter>
    </ClInclude>
    <ClInclude Include="Exceptions\initialisation_exception.h">
      <Filter>Exceptions</Filter>
    </ClInclude>
    <ClInclude Include="..\Shared\ErrorCodes\HResultFormatter.h">
      <Filter>Shared\ErrorCodes</Filter>
    </ClInclude>
  </ItemGroup>
</Project>