<?xml version="1.0" encoding="utf-8"?>
<Project ToolsVersion="4.0" xmlns="http://schemas.microsoft.com/developer/msbuild/2003">
  <ItemGroup>
    <Filter Include="Subsystems">
      <UniqueIdentifier>{e37e9a6e-4d7e-4f3d-a88c-dc36008656b4}</UniqueIdentifier>
    </Filter>
    <Filter Include="Interfaces">
      <UniqueIdentifier>{0c98311a-3692-41f5-a50a-8fd76daf982d}</UniqueIdentifier>
    </Filter>
    <Filter Include="Subsystems\Diagnostics">
      <UniqueIdentifier>{24a5b198-637d-49c2-b553-fbe3efef4f6d}</UniqueIdentifier>
    </Filter>
    <Filter Include="Subsystems\Input">
      <UniqueIdentifier>{c571481a-ef19-45f6-9b5c-ac8584ec0c99}</UniqueIdentifier>
    </Filter>
    <Filter Include="Exceptions">
      <UniqueIdentifier>{4ad20ce8-3caf-4732-9d94-1f95b741f13b}</UniqueIdentifier>
    </Filter>
    <Filter Include="Shared">
      <UniqueIdentifier>{5911bb82-4aad-4c67-a393-b8ada4609bb3}</UniqueIdentifier>
    </Filter>
    <Filter Include="Shared\ErrorCodes">
      <UniqueIdentifier>{c03ba7b4-5c44-465f-87c9-5aea8d42df97}</UniqueIdentifier>
    </Filter>
    <Filter Include="Subsystems\Renderer">
      <UniqueIdentifier>{db145db7-78ed-4f91-8c07-8d5ea3080695}</UniqueIdentifier>
    </Filter>
    <Filter Include="Subsystems\Renderer\GraphicsDevice">
      <UniqueIdentifier>{79d23e77-5c6d-478a-b382-668f04f3567b}</UniqueIdentifier>
    </Filter>
    <Filter Include="Subsystems\FileSystem">
      <UniqueIdentifier>{64336d0a-3a49-49f0-b29d-89c9f691ca00}</UniqueIdentifier>
    </Filter>
    <Filter Include="Subsystems\Renderer\Camera">
      <UniqueIdentifier>{b0285aa4-8e12-4f11-8da5-91150c8d7e5c}</UniqueIdentifier>
    </Filter>
    <Filter Include="Subsystems\Renderer\Lighting">
      <UniqueIdentifier>{1227c505-3cbd-4973-a510-4fe0e4cf8037}</UniqueIdentifier>
    </Filter>
    <Filter Include="Subsystems\Renderer\Model">
      <UniqueIdentifier>{033e49d7-4a6c-4507-9c79-ce80dd6f7d4e}</UniqueIdentifier>
    </Filter>
    <Filter Include="Subsystems\Renderer\Material">
      <UniqueIdentifier>{84470644-7cc7-4d07-b3a7-c22becd503b5}</UniqueIdentifier>
    </Filter>
    <Filter Include="Subsystems\Timekeeper">
      <UniqueIdentifier>{bb79960a-4a10-498a-810a-4ac209114ba3}</UniqueIdentifier>
    </Filter>
    <Filter Include="Subsystems\Renderer\Font">
      <UniqueIdentifier>{e246d76c-39b3-4ba2-9ebc-5905991f6a9a}</UniqueIdentifier>
    </Filter>
    <Filter Include="Subsystems\Physics">
      <UniqueIdentifier>{c94904b7-7836-4a71-99fc-379b0fdb2b64}</UniqueIdentifier>
    </Filter>
  </ItemGroup>
  <ItemGroup>
    <ClCompile Include="PCEngine.cpp" />
    <ClCompile Include="Subsystems\Diagnostics\PCDiagnostics.cpp">
      <Filter>Subsystems\Diagnostics</Filter>
    </ClCompile>
    <ClCompile Include="Subsystems\Input\DirectXInputManager.cpp">
      <Filter>Subsystems\Input</Filter>
    </ClCompile>
    <ClCompile Include="Subsystems\Input\DirectXKeyboard.cpp">
      <Filter>Subsystems\Input</Filter>
    </ClCompile>
    <ClCompile Include="Subsystems\Input\DirectXMouse.cpp">
      <Filter>Subsystems\Input</Filter>
    </ClCompile>
    <ClCompile Include="..\Shared\ErrorCodes\HResultFormatter .cpp">
      <Filter>Shared\ErrorCodes</Filter>
    </ClCompile>
    <ClCompile Include="Subsystems\Input\DirectInput8Wrapper.cpp">
      <Filter>Subsystems\Input</Filter>
    </ClCompile>
    <ClCompile Include="Subsystems\Renderer\GraphicsDevice\D3DGraphicsDevice.cpp">
      <Filter>Subsystems\Renderer\GraphicsDevice</Filter>
    </ClCompile>
    <ClCompile Include="Subsystems\Renderer\DirectXRenderer.cpp">
      <Filter>Subsystems\Renderer</Filter>
    </ClCompile>
    <ClCompile Include="Subsystems\FileSystem\PCFileSystem.cpp">
      <Filter>Subsystems\FileSystem</Filter>
    </ClCompile>
    <ClCompile Include="Subsystems\Renderer\Camera\Camera.cpp">
      <Filter>Subsystems\Renderer\Camera</Filter>
    </ClCompile>
    <ClCompile Include="Subsystems\Renderer\Camera\FreeCamera.cpp">
      <Filter>Subsystems\Renderer\Camera</Filter>
    </ClCompile>
    <ClCompile Include="Subsystems\Renderer\Lighting\AmbientLight.cpp">
      <Filter>Subsystems\Renderer\Lighting</Filter>
    </ClCompile>
    <ClCompile Include="Subsystems\Renderer\Lighting\MainLight.cpp">
      <Filter>Subsystems\Renderer\Lighting</Filter>
    </ClCompile>
    <ClCompile Include="Subsystems\Renderer\Lighting\PointLight.cpp">
      <Filter>Subsystems\Renderer\Lighting</Filter>
    </ClCompile>
    <ClCompile Include="Subsystems\Renderer\Model\Model.cpp">
      <Filter>Subsystems\Renderer\Model</Filter>
    </ClCompile>
    <ClCompile Include="Subsystems\Renderer\Model\ModelInstance.cpp">
      <Filter>Subsystems\Renderer\Model</Filter>
    </ClCompile>
    <ClCompile Include="Subsystems\Renderer\Model\RenderCommand.cpp">
      <Filter>Subsystems\Renderer\Model</Filter>
    </ClCompile>
    <ClCompile Include="Subsystems\Renderer\Material\Material.cpp">
      <Filter>Subsystems\Renderer\Material</Filter>
    </ClCompile>
    <ClCompile Include="Subsystems\Timekeeper\PCTimekeeper.cpp">
      <Filter>Subsystems\Timekeeper</Filter>
    </ClCompile>
    <ClCompile Include="Subsystems\Renderer\Font\Font.cpp">
      <Filter>Subsystems\Renderer\Font</Filter>
    </ClCompile>
    <ClCompile Include="Subsystems\Renderer\Font\Glyph.cpp">
      <Filter>Subsystems\Renderer\Font</Filter>
    </ClCompile>
    <ClCompile Include="Subsystems\FileSystem\PCFileStream.cpp">
      <Filter>Subsystems\FileSystem</Filter>
    </ClCompile>
    <ClCompile Include="Subsystems\FileSystem\StreamReader.cpp">
      <Filter>Subsystems\FileSystem</Filter>
    </ClCompile>
    <ClCompile Include="Subsystems\Renderer\GraphicsDevice\OutputDimensions.cpp">
      <Filter>Subsystems\Renderer\GraphicsDevice</Filter>
    </ClCompile>
    <ClCompile Include="Subsystems\Renderer\GraphicsDevice\D3D11Device.cpp">
      <Filter>Subsystems\Renderer\GraphicsDevice</Filter>
    </ClCompile>
    <ClCompile Include="Subsystems\Renderer\GraphicsDevice\D3D11RenderTargetView.cpp">
      <Filter>Subsystems\Renderer\GraphicsDevice</Filter>
    </ClCompile>
    <ClCompile Include="Subsystems\Renderer\GraphicsDevice\D3D11Texture2D.cpp">
      <Filter>Subsystems\Renderer\GraphicsDevice</Filter>
    </ClCompile>
    <ClCompile Include="Subsystems\Renderer\GraphicsDevice\D3D11BlendState.cpp">
      <Filter>Subsystems\Renderer\GraphicsDevice</Filter>
    </ClCompile>
    <ClCompile Include="Subsystems\Renderer\GraphicsDevice\D3D11DepthStencilView.cpp">
      <Filter>Subsystems\Renderer\GraphicsDevice</Filter>
    </ClCompile>
    <ClCompile Include="Subsystems\Renderer\GraphicsDevice\D3D11Viewport.cpp">
      <Filter>Subsystems\Renderer\GraphicsDevice</Filter>
    </ClCompile>
    <ClCompile Include="Subsystems\Renderer\GraphicsDevice\D3D11Buffer.cpp">
      <Filter>Subsystems\Renderer\GraphicsDevice</Filter>
    </ClCompile>
    <ClCompile Include="Subsystems\Renderer\GraphicsDevice\D3D11PixelShader.cpp">
      <Filter>Subsystems\Renderer\GraphicsDevice</Filter>
    </ClCompile>
    <ClCompile Include="Subsystems\Renderer\GraphicsDevice\D3D11SamplerState.cpp">
      <Filter>Subsystems\Renderer\GraphicsDevice</Filter>
    </ClCompile>
    <ClCompile Include="Subsystems\Renderer\GraphicsDevice\D3D11ShaderResourceView.cpp">
      <Filter>Subsystems\Renderer\GraphicsDevice</Filter>
    </ClCompile>
    <ClCompile Include="Subsystems\Renderer\GraphicsDevice\D3D11VertexShader.cpp">
      <Filter>Subsystems\Renderer\GraphicsDevice</Filter>
    </ClCompile>
    <ClCompile Include="Subsystems\Physics\BulletPhysicsSystem.cpp">
      <Filter>Subsystems\Physics</Filter>
    </ClCompile>
    <ClCompile Include="Subsystems\Physics\BulletBoxPrimitive.cpp">
      <Filter>Subsystems\Physics</Filter>
    </ClCompile>
    <ClCompile Include="Subsystems\Physics\BulletBounds.cpp">
      <Filter>Subsystems\Physics</Filter>
    </ClCompile>
    <ClCompile Include="Subsystems\Physics\BulletBoundsInstance.cpp">
      <Filter>Subsystems\Physics</Filter>
    </ClCompile>
  </ItemGroup>
  <ItemGroup>
    <ClInclude Include="Interfaces\IEngine.h">
      <Filter>Interfaces</Filter>
    </ClInclude>
    <ClInclude Include="PCEngine.h" />
    <ClInclude Include="Subsystems\Diagnostics\PCDiagnostics.h">
      <Filter>Subsystems\Diagnostics</Filter>
    </ClInclude>
    <ClInclude Include="Interfaces\IDiagnostics.h">
      <Filter>Interfaces</Filter>
    </ClInclude>
    <ClInclude Include="Subsystems\Input\DirectXInputManager.h">
      <Filter>Subsystems\Input</Filter>
    </ClInclude>
    <ClInclude Include="Subsystems\Input\DirectXKeyboard.h">
      <Filter>Subsystems\Input</Filter>
    </ClInclude>
    <ClInclude Include="Subsystems\Input\DirectXMouse.h">
      <Filter>Subsystems\Input</Filter>
    </ClInclude>
    <ClInclude Include="Interfaces\IKeyboard.h">
      <Filter>Interfaces</Filter>
    </ClInclude>
    <ClInclude Include="Interfaces\IMouse.h">
      <Filter>Interfaces</Filter>
    </ClInclude>
    <ClInclude Include="Exceptions\initialisation_exception.h">
      <Filter>Exceptions</Filter>
    </ClInclude>
    <ClInclude Include="..\Shared\ErrorCodes\HResultFormatter.h">
      <Filter>Shared\ErrorCodes</Filter>
    </ClInclude>
    <ClInclude Include="Subsystems\Input\DirectInput8Wrapper.h">
      <Filter>Subsystems\Input</Filter>
    </ClInclude>
    <ClInclude Include="Interfaces\IRenderer.h">
      <Filter>Interfaces</Filter>
    </ClInclude>
    <ClInclude Include="Subsystems\Renderer\GraphicsDevice\D3DGraphicsDevice.h">
      <Filter>Subsystems\Renderer\GraphicsDevice</Filter>
    </ClInclude>
    <ClInclude Include="Subsystems\Renderer\GraphicsDevice\IGraphicsDevice.h">
      <Filter>Subsystems\Renderer\GraphicsDevice</Filter>
    </ClInclude>
    <ClInclude Include="Subsystems\Renderer\DirectXRenderer.h">
      <Filter>Subsystems\Renderer</Filter>
    </ClInclude>
    <ClInclude Include="Interfaces\IFileSystem.h">
      <Filter>Interfaces</Filter>
    </ClInclude>
    <ClInclude Include="Subsystems\FileSystem\PCFileSystem.h">
      <Filter>Subsystems\FileSystem</Filter>
    </ClInclude>
    <ClInclude Include="Exceptions\filesystem_exception.h">
      <Filter>Exceptions</Filter>
    </ClInclude>
    <ClInclude Include="Exceptions\model_load_exception.h">
      <Filter>Exceptions</Filter>
    </ClInclude>
    <ClInclude Include="Exceptions\rorn_engine_exception.h">
      <Filter>Exceptions</Filter>
    </ClInclude>
    <ClInclude Include="Interfaces\IModel.h">
      <Filter>Interfaces</Filter>
    </ClInclude>
    <ClInclude Include="Interfaces\IModelInstance.h">
      <Filter>Interfaces</Filter>
    </ClInclude>
    <ClInclude Include="Subsystems\Renderer\Camera\Camera.h">
      <Filter>Subsystems\Renderer\Camera</Filter>
    </ClInclude>
    <ClInclude Include="Subsystems\Renderer\Camera\FreeCamera.h">
      <Filter>Subsystems\Renderer\Camera</Filter>
    </ClInclude>
    <ClInclude Include="Subsystems\Renderer\Lighting\AmbientLight.h">
      <Filter>Subsystems\Renderer\Lighting</Filter>
    </ClInclude>
    <ClInclude Include="Subsystems\Renderer\Lighting\MainLight.h">
      <Filter>Subsystems\Renderer\Lighting</Filter>
    </ClInclude>
    <ClInclude Include="Subsystems\Renderer\Lighting\PointLight.h">
      <Filter>Subsystems\Renderer\Lighting</Filter>
    </ClInclude>
    <ClInclude Include="Subsystems\Renderer\Model\Model.h">
      <Filter>Subsystems\Renderer\Model</Filter>
    </ClInclude>
    <ClInclude Include="Subsystems\Renderer\Model\ModelInstance.h">
      <Filter>Subsystems\Renderer\Model</Filter>
    </ClInclude>
    <ClInclude Include="Subsystems\Renderer\Model\RenderCommand.h">
      <Filter>Subsystems\Renderer\Model</Filter>
    </ClInclude>
    <ClInclude Include="Subsystems\Renderer\Material\ConstantBufferTypes.h">
      <Filter>Subsystems\Renderer\Material</Filter>
    </ClInclude>
    <ClInclude Include="Subsystems\Renderer\Material\Material.h">
      <Filter>Subsystems\Renderer\Material</Filter>
    </ClInclude>
    <ClInclude Include="Subsystems\Renderer\Material\VertexFormatFlags.h">
      <Filter>Subsystems\Renderer\Material</Filter>
    </ClInclude>
    <ClInclude Include="Interfaces\IFreeCamera.h">
      <Filter>Interfaces</Filter>
    </ClInclude>
    <ClInclude Include="Subsystems\Timekeeper\PCTimekeeper.h">
      <Filter>Subsystems\Timekeeper</Filter>
    </ClInclude>
    <ClInclude Include="Exceptions\input_exception.h">
      <Filter>Exceptions</Filter>
    </ClInclude>
    <ClInclude Include="Subsystems\Renderer\Material\MaterialType.h">
      <Filter>Subsystems\Renderer\Material</Filter>
    </ClInclude>
    <ClInclude Include="Interfaces\ICamera.h">
      <Filter>Interfaces</Filter>
    </ClInclude>
    <ClInclude Include="Subsystems\Renderer\Font\Font.h">
      <Filter>Subsystems\Renderer\Font</Filter>
    </ClInclude>
    <ClInclude Include="Subsystems\Renderer\Font\Glyph.h">
      <Filter>Subsystems\Renderer\Font</Filter>
    </ClInclude>
    <ClInclude Include="Exceptions\font_load_exception.h">
      <Filter>Exceptions</Filter>
    </ClInclude>
    <ClInclude Include="Subsystems\Renderer\Model\BlitVertexFormat.h">
      <Filter>Subsystems\Renderer\Model</Filter>
    </ClInclude>
    <ClInclude Include="Subsystems\FileSystem\PCFileStream.h">
      <Filter>Subsystems\FileSystem</Filter>
    </ClInclude>
    <ClInclude Include="Interfaces\Stream.h">
      <Filter>Interfaces</Filter>
    </ClInclude>
    <ClInclude Include="Interfaces\StreamReader.h">
      <Filter>Interfaces</Filter>
    </ClInclude>
    <ClInclude Include="Subsystems\Renderer\GraphicsDevice\OutputDimensions.h">
      <Filter>Subsystems\Renderer\GraphicsDevice</Filter>
    </ClInclude>
    <ClInclude Include="Subsystems\Renderer\GraphicsDevice\D3D11Device.h">
      <Filter>Subsystems\Renderer\GraphicsDevice</Filter>
    </ClInclude>
    <ClInclude Include="Subsystems\Renderer\GraphicsDevice\D3D11RenderTargetView.h">
      <Filter>Subsystems\Renderer\GraphicsDevice</Filter>
    </ClInclude>
    <ClInclude Include="Subsystems\Renderer\GraphicsDevice\D3D11Texture2D.h">
      <Filter>Subsystems\Renderer\GraphicsDevice</Filter>
    </ClInclude>
    <ClInclude Include="Subsystems\Renderer\GraphicsDevice\D3D11BlendState.h">
      <Filter>Subsystems\Renderer\GraphicsDevice</Filter>
    </ClInclude>
    <ClInclude Include="Subsystems\Renderer\GraphicsDevice\D3D11DepthStencilView.h">
      <Filter>Subsystems\Renderer\GraphicsDevice</Filter>
    </ClInclude>
    <ClInclude Include="Subsystems\Renderer\GraphicsDevice\D3D11Viewport.h">
      <Filter>Subsystems\Renderer\GraphicsDevice</Filter>
    </ClInclude>
    <ClInclude Include="Subsystems\Renderer\GraphicsDevice\D3D11Buffer.h">
      <Filter>Subsystems\Renderer\GraphicsDevice</Filter>
    </ClInclude>
    <ClInclude Include="Subsystems\Renderer\GraphicsDevice\D3D11PixelShader.h">
      <Filter>Subsystems\Renderer\GraphicsDevice</Filter>
    </ClInclude>
    <ClInclude Include="Subsystems\Renderer\GraphicsDevice\D3D11SamplerState.h">
      <Filter>Subsystems\Renderer\GraphicsDevice</Filter>
    </ClInclude>
    <ClInclude Include="Subsystems\Renderer\GraphicsDevice\D3D11ShaderResourceView.h">
      <Filter>Subsystems\Renderer\GraphicsDevice</Filter>
    </ClInclude>
    <ClInclude Include="Subsystems\Renderer\GraphicsDevice\D3D11VertexShader.h">
      <Filter>Subsystems\Renderer\GraphicsDevice</Filter>
    </ClInclude>
    <ClInclude Include="Interfaces\IPhysicsSystem.h">
      <Filter>Interfaces</Filter>
    </ClInclude>
    <ClInclude Include="Subsystems\Physics\BulletPhysicsSystem.h">
      <Filter>Subsystems\Physics</Filter>
    </ClInclude>
    <ClInclude Include="Exceptions\bounds_load_exception.h">
      <Filter>Exceptions</Filter>
    </ClInclude>
    <ClInclude Include="Subsystems\Physics\BulletBoxPrimitive.h">
      <Filter>Subsystems\Physics</Filter>
    </ClInclude>
    <ClInclude Include="Subsystems\Physics\BulletBounds.h">
      <Filter>Subsystems\Physics</Filter>
    </ClInclude>
    <ClInclude Include="Subsystems\Physics\BulletBoundsInstance.h">
      <Filter>Subsystems\Physics</Filter>
    </ClInclude>
  </ItemGroup>
</Project>