<?xml version="1.0" encoding="utf-8"?>
<Project ToolsVersion="4.0" xmlns="http://schemas.microsoft.com/developer/msbuild/2003">
  <ItemGroup>
    <ClCompile Include="Matrix4x4.cpp" />
    <ClCompile Include="Float4.cpp" />
    <ClCompile Include="BoundingBox.cpp" />
    <ClCompile Include="Float2.cpp" />
    <ClCompile Include="EulerAngles.cpp" />
    <ClCompile Include="Direction.cpp" />
    <ClCompile Include="Position.cpp" />
    <ClCompile Include="UnitDirection.cpp" />
  </ItemGroup>
  <ItemGroup>
    <ClInclude Include="Matrix4x4.h" />
    <ClInclude Include="Constants.h" />
    <ClInclude Include="Float4.h" />
    <ClInclude Include="BoundingBox.h" />
    <ClInclude Include="Float2.h" />
    <ClInclude Include="EulerAngles.h" />
    <ClInclude Include="Direction.h" />
    <ClInclude Include="Position.h" />
    <ClInclude Include="UnitDirection.h" />
  </ItemGroup>
</Project>